{
    "_readme": [
        "This file locks the dependencies of your project to a known state",
        "Read more about it at https://getcomposer.org/doc/01-basic-usage.md#installing-dependencies",
        "This file is @generated automatically"
    ],
    "content-hash": "348829a716c1e76eb4b03d56872b18ad",
    "packages": [
        {
            "name": "flow/jsonpath",
            "version": "0.4.0",
            "source": {
                "type": "git",
                "url": "https://github.com/FlowCommunications/JSONPath.git",
                "reference": "f0222818d5c938e4ab668ab2e2c079bd51a27112"
            },
            "dist": {
                "type": "zip",
                "url": "https://api.github.com/repos/FlowCommunications/JSONPath/zipball/f0222818d5c938e4ab668ab2e2c079bd51a27112",
                "reference": "f0222818d5c938e4ab668ab2e2c079bd51a27112",
                "shasum": ""
            },
            "require": {
                "php": ">=5.4.0"
            },
            "require-dev": {
                "peekmo/jsonpath": "dev-master",
                "phpunit/phpunit": "^4.0"
            },
            "type": "library",
            "autoload": {
                "psr-0": {
                    "Flow\\JSONPath": "src/",
                    "Flow\\JSONPath\\Test": "tests/"
                }
            },
            "notification-url": "https://packagist.org/downloads/",
            "license": [
                "MIT"
            ],
            "authors": [
                {
                    "name": "Stephen Frank",
                    "email": "stephen@flowsa.com"
                }
            ],
            "description": "JSONPath implementation for parsing, searching and flattening arrays",
            "time": "2018-03-04T16:39:47+00:00"
        },
        {
            "name": "nette/finder",
            "version": "v2.5.2",
            "source": {
                "type": "git",
                "url": "https://github.com/nette/finder.git",
                "reference": "4ad2c298eb8c687dd0e74ae84206a4186eeaed50"
            },
            "dist": {
                "type": "zip",
                "url": "https://api.github.com/repos/nette/finder/zipball/4ad2c298eb8c687dd0e74ae84206a4186eeaed50",
                "reference": "4ad2c298eb8c687dd0e74ae84206a4186eeaed50",
                "shasum": ""
            },
            "require": {
                "nette/utils": "^2.4 || ^3.0",
                "php": ">=7.1"
            },
            "conflict": {
                "nette/nette": "<2.2"
            },
            "require-dev": {
                "nette/tester": "^2.0",
                "phpstan/phpstan": "^0.12",
                "tracy/tracy": "^2.3"
            },
            "type": "library",
            "extra": {
                "branch-alias": {
                    "dev-master": "2.5-dev"
                }
            },
            "autoload": {
                "classmap": [
                    "src/"
                ]
            },
            "notification-url": "https://packagist.org/downloads/",
            "license": [
                "BSD-3-Clause",
                "GPL-2.0",
                "GPL-3.0"
            ],
            "authors": [
                {
                    "name": "David Grudl",
                    "homepage": "https://davidgrudl.com"
                },
                {
                    "name": "Nette Community",
                    "homepage": "https://nette.org/contributors"
                }
            ],
            "description": "🔍 Nette Finder: find files and directories with an intuitive API.",
            "homepage": "https://nette.org",
            "keywords": [
                "filesystem",
                "glob",
                "iterator",
                "nette"
            ],
            "time": "2020-01-03T20:35:40+00:00"
        },
        {
            "name": "nette/neon",
            "version": "v3.1.2",
            "source": {
                "type": "git",
                "url": "https://github.com/nette/neon.git",
                "reference": "3c3dcbc6bf6c80dc97b1fc4ba9a22ae67930fc0e"
            },
            "dist": {
                "type": "zip",
                "url": "https://api.github.com/repos/nette/neon/zipball/3c3dcbc6bf6c80dc97b1fc4ba9a22ae67930fc0e",
                "reference": "3c3dcbc6bf6c80dc97b1fc4ba9a22ae67930fc0e",
                "shasum": ""
            },
            "require": {
                "ext-iconv": "*",
                "ext-json": "*",
                "php": ">=7.1"
            },
            "require-dev": {
                "nette/tester": "^2.0",
                "phpstan/phpstan": "^0.12",
                "tracy/tracy": "^2.3"
            },
            "type": "library",
            "extra": {
                "branch-alias": {
                    "dev-master": "3.1-dev"
                }
            },
            "autoload": {
                "classmap": [
                    "src/"
                ]
            },
            "notification-url": "https://packagist.org/downloads/",
            "license": [
                "BSD-3-Clause",
                "GPL-2.0-only",
                "GPL-3.0-only"
            ],
            "authors": [
                {
                    "name": "David Grudl",
                    "homepage": "https://davidgrudl.com"
                },
                {
                    "name": "Nette Community",
                    "homepage": "https://nette.org/contributors"
                }
            ],
            "description": "🍸 Nette NEON: encodes and decodes NEON file format.",
            "homepage": "https://ne-on.org",
            "keywords": [
                "export",
                "import",
                "neon",
                "nette",
                "yaml"
            ],
            "time": "2020-03-04T11:47:04+00:00"
        },
        {
            "name": "nette/utils",
            "version": "v3.1.1",
            "source": {
                "type": "git",
                "url": "https://github.com/nette/utils.git",
                "reference": "2c17d16d8887579ae1c0898ff94a3668997fd3eb"
            },
            "dist": {
                "type": "zip",
                "url": "https://api.github.com/repos/nette/utils/zipball/2c17d16d8887579ae1c0898ff94a3668997fd3eb",
                "reference": "2c17d16d8887579ae1c0898ff94a3668997fd3eb",
                "shasum": ""
            },
            "require": {
                "php": ">=7.1"
            },
            "require-dev": {
                "nette/tester": "~2.0",
                "phpstan/phpstan": "^0.12",
                "tracy/tracy": "^2.3"
            },
            "suggest": {
                "ext-gd": "to use Image",
                "ext-iconv": "to use Strings::webalize() and toAscii()",
                "ext-intl": "to use Strings::webalize(), toAscii(), normalize() and compare()",
                "ext-json": "to use Nette\\Utils\\Json",
                "ext-mbstring": "to use Strings::lower() etc...",
                "ext-tokenizer": "to use Nette\\Utils\\Reflection::getUseStatements()",
                "ext-xml": "to use Strings::length() etc. when mbstring is not available"
            },
            "type": "library",
            "extra": {
                "branch-alias": {
                    "dev-master": "3.1-dev"
                }
            },
            "autoload": {
                "classmap": [
                    "src/"
                ]
            },
            "notification-url": "https://packagist.org/downloads/",
            "license": [
                "BSD-3-Clause",
                "GPL-2.0-only",
                "GPL-3.0-only"
            ],
            "authors": [
                {
                    "name": "David Grudl",
                    "homepage": "https://davidgrudl.com"
                },
                {
                    "name": "Nette Community",
                    "homepage": "https://nette.org/contributors"
                }
            ],
            "description": "🛠 Nette Utils: lightweight utilities for string & array manipulation, image handling, safe JSON encoding/decoding, validation, slug or strong password generating etc.",
            "homepage": "https://nette.org",
            "keywords": [
                "array",
                "core",
                "datetime",
                "images",
                "json",
                "nette",
                "paginator",
                "password",
                "slugify",
                "string",
                "unicode",
                "utf-8",
                "utility",
                "validation"
            ],
            "time": "2020-02-09T14:10:55+00:00"
        },
        {
            "name": "wavevision/utils",
            "version": "2.9.0",
            "source": {
                "type": "git",
                "url": "https://github.com/wavevision/utils.git",
                "reference": "eff24fa73a23fe272ff1a7d175a69968d20fca0e"
            },
            "dist": {
                "type": "zip",
                "url": "https://api.github.com/repos/wavevision/utils/zipball/eff24fa73a23fe272ff1a7d175a69968d20fca0e",
                "reference": "eff24fa73a23fe272ff1a7d175a69968d20fca0e",
                "shasum": ""
            },
            "require": {
                "ext-iconv": "*",
                "flow/jsonpath": "^0.4.0",
                "nette/finder": "^2.5",
                "nette/utils": "^3.1",
                "php": ">=7.4"
            },
            "require-dev": {
                "jakub-onderka/php-parallel-lint": "^1.0",
                "mikey179/vfsstream": "^1.6",
                "phing/phing": "^3.0-alpha3",
                "php-coveralls/php-coveralls": "^2.1",
                "php-mock/php-mock-phpunit": "^2.4",
                "phpstan/phpstan": "^0.12.3",
                "phpunit/phpunit": "^8.3",
                "wavevision/coding-standard": "^3.0"
            },
            "type": "library",
            "extra": {
                "phpstan": []
            },
            "autoload": {
                "psr-4": {
                    "Wavevision\\": "src"
                }
            },
            "notification-url": "https://packagist.org/downloads/",
            "license": [
                "MIT"
            ],
            "authors": [
                {
                    "name": "Wavevision s.r.o.",
                    "email": "info@wavevision.com"
                },
                {
                    "name": "Jakub Filla",
                    "email": "jakub.filla@wavevision.com"
                },
                {
                    "name": "Vít Rozsíval",
                    "email": "vit@wavevision.com"
                }
            ],
            "description": "Useful PHP utilities and helpers.",
            "time": "2020-03-16T12:13:42+00:00"
        }
    ],
    "packages-dev": [
        {
            "name": "php-parallel-lint/php-parallel-lint",
            "version": "v1.2.0",
            "source": {
                "type": "git",
                "url": "https://github.com/php-parallel-lint/PHP-Parallel-Lint.git",
                "reference": "474f18bc6cc6aca61ca40bfab55139de614e51ca"
            },
            "dist": {
                "type": "zip",
                "url": "https://api.github.com/repos/php-parallel-lint/PHP-Parallel-Lint/zipball/474f18bc6cc6aca61ca40bfab55139de614e51ca",
                "reference": "474f18bc6cc6aca61ca40bfab55139de614e51ca",
                "shasum": ""
            },
            "require": {
                "ext-json": "*",
                "php": ">=5.4.0"
            },
            "replace": {
                "grogy/php-parallel-lint": "*",
                "jakub-onderka/php-parallel-lint": "*"
            },
            "require-dev": {
                "nette/tester": "^1.3 || ^2.0",
                "php-parallel-lint/php-console-highlighter": "~0.3",
                "squizlabs/php_codesniffer": "~3.0"
            },
            "suggest": {
                "php-parallel-lint/php-console-highlighter": "Highlight syntax in code snippet"
            },
            "bin": [
                "parallel-lint"
            ],
            "type": "library",
            "autoload": {
                "classmap": [
                    "./"
                ]
            },
            "notification-url": "https://packagist.org/downloads/",
            "license": [
                "BSD-2-Clause"
            ],
            "authors": [
                {
                    "name": "Jakub Onderka",
                    "email": "ahoj@jakubonderka.cz"
                }
            ],
            "description": "This tool check syntax of PHP files about 20x faster than serial check.",
            "homepage": "https://github.com/php-parallel-lint/PHP-Parallel-Lint",
            "time": "2020-04-04T12:18:32+00:00"
        },
        {
            "name": "phpstan/phpdoc-parser",
            "version": "0.4.3",
            "source": {
                "type": "git",
                "url": "https://github.com/phpstan/phpdoc-parser.git",
                "reference": "928179efc5368145a8b03cb20d58cb3f3136afae"
            },
            "dist": {
                "type": "zip",
                "url": "https://api.github.com/repos/phpstan/phpdoc-parser/zipball/928179efc5368145a8b03cb20d58cb3f3136afae",
                "reference": "928179efc5368145a8b03cb20d58cb3f3136afae",
                "shasum": ""
            },
            "require": {
                "php": "~7.1"
            },
            "require-dev": {
                "consistence/coding-standard": "^3.5",
                "ergebnis/composer-normalize": "^2.0.2",
                "jakub-onderka/php-parallel-lint": "^0.9.2",
                "phing/phing": "^2.16.0",
                "phpstan/extension-installer": "^1.0",
                "phpstan/phpstan": "^0.12",
                "phpstan/phpstan-strict-rules": "^0.12",
                "phpunit/phpunit": "^6.3",
                "slevomat/coding-standard": "^4.7.2",
                "symfony/process": "^4.0"
            },
            "type": "library",
            "extra": {
                "branch-alias": {
                    "dev-master": "0.4-dev"
                }
            },
            "autoload": {
                "psr-4": {
                    "PHPStan\\PhpDocParser\\": [
                        "src/"
                    ]
                }
            },
            "notification-url": "https://packagist.org/downloads/",
            "license": [
                "MIT"
            ],
            "description": "PHPDoc parser with support for nullable, intersection and generic types",
            "time": "2020-01-25T20:42:48+00:00"
        },
        {
            "name": "phpstan/phpstan",
            "version": "0.12.18",
            "source": {
                "type": "git",
                "url": "https://github.com/phpstan/phpstan.git",
                "reference": "1ce27fe29c8660a27926127d350d53d80c4d4286"
            },
            "dist": {
                "type": "zip",
                "url": "https://api.github.com/repos/phpstan/phpstan/zipball/1ce27fe29c8660a27926127d350d53d80c4d4286",
                "reference": "1ce27fe29c8660a27926127d350d53d80c4d4286",
                "shasum": ""
            },
            "require": {
                "php": "^7.1"
            },
            "bin": [
                "phpstan",
                "phpstan.phar"
            ],
            "type": "library",
            "extra": {
                "branch-alias": {
                    "dev-master": "0.12-dev"
                }
            },
            "autoload": {
                "files": [
                    "bootstrap.php"
                ]
            },
            "notification-url": "https://packagist.org/downloads/",
            "license": [
                "MIT"
            ],
            "description": "PHPStan - PHP Static Analysis Tool",
            "funding": [
                {
                    "url": "https://github.com/ondrejmirtes",
                    "type": "github"
                },
                {
                    "url": "https://www.patreon.com/phpstan",
                    "type": "patreon"
                },
                {
                    "url": "https://tidelift.com/funding/github/packagist/phpstan/phpstan",
                    "type": "tidelift"
                }
            ],
            "time": "2020-03-22T16:51:47+00:00"
        },
        {
            "name": "slevomat/coding-standard",
            "version": "6.2.0",
            "source": {
                "type": "git",
                "url": "https://github.com/slevomat/coding-standard.git",
                "reference": "c4bf9cad66da885cc843cc24d708661d9d8fbb95"
            },
            "dist": {
                "type": "zip",
                "url": "https://api.github.com/repos/slevomat/coding-standard/zipball/c4bf9cad66da885cc843cc24d708661d9d8fbb95",
                "reference": "c4bf9cad66da885cc843cc24d708661d9d8fbb95",
                "shasum": ""
            },
            "require": {
                "php": "^7.1",
                "phpstan/phpdoc-parser": "0.4.0 - 0.4.3",
                "squizlabs/php_codesniffer": "^3.5.4"
            },
            "require-dev": {
                "dealerdirect/phpcodesniffer-composer-installer": "0.6.2",
                "phing/phing": "2.16.3",
                "php-parallel-lint/php-parallel-lint": "1.1.0",
                "phpstan/phpstan": "0.12.18",
                "phpstan/phpstan-phpunit": "0.12.6",
                "phpstan/phpstan-strict-rules": "0.12.2",
                "phpunit/phpunit": "7.5.20|8.5.2|9.0.1"
            },
            "type": "phpcodesniffer-standard",
            "extra": {
                "branch-alias": {
                    "dev-master": "6.x-dev"
                }
            },
            "autoload": {
                "psr-4": {
                    "SlevomatCodingStandard\\": "SlevomatCodingStandard"
                }
            },
            "notification-url": "https://packagist.org/downloads/",
            "license": [
                "MIT"
            ],
            "description": "Slevomat Coding Standard for PHP_CodeSniffer complements Consistence Coding Standard by providing sniffs with additional checks.",
            "funding": [
                {
                    "url": "https://github.com/kukulich",
                    "type": "github"
                },
                {
                    "url": "https://tidelift.com/funding/github/packagist/slevomat/coding-standard",
                    "type": "tidelift"
                }
            ],
            "time": "2020-03-28T22:04:31+00:00"
        },
        {
            "name": "squizlabs/php_codesniffer",
            "version": "3.5.4",
            "source": {
                "type": "git",
                "url": "https://github.com/squizlabs/PHP_CodeSniffer.git",
                "reference": "dceec07328401de6211037abbb18bda423677e26"
            },
            "dist": {
                "type": "zip",
                "url": "https://api.github.com/repos/squizlabs/PHP_CodeSniffer/zipball/dceec07328401de6211037abbb18bda423677e26",
                "reference": "dceec07328401de6211037abbb18bda423677e26",
                "shasum": ""
            },
            "require": {
                "ext-simplexml": "*",
                "ext-tokenizer": "*",
                "ext-xmlwriter": "*",
                "php": ">=5.4.0"
            },
            "require-dev": {
                "phpunit/phpunit": "^4.0 || ^5.0 || ^6.0 || ^7.0"
            },
            "bin": [
                "bin/phpcs",
                "bin/phpcbf"
            ],
            "type": "library",
            "extra": {
                "branch-alias": {
                    "dev-master": "3.x-dev"
                }
            },
            "notification-url": "https://packagist.org/downloads/",
            "license": [
                "BSD-3-Clause"
            ],
            "authors": [
                {
                    "name": "Greg Sherwood",
                    "role": "lead"
                }
            ],
            "description": "PHP_CodeSniffer tokenizes PHP, JavaScript and CSS files and detects violations of a defined set of coding standards.",
            "homepage": "https://github.com/squizlabs/PHP_CodeSniffer",
            "keywords": [
                "phpcs",
                "standards"
            ],
            "time": "2020-01-30T22:20:29+00:00"
        },
        {
            "name": "wavevision/coding-standard",
            "version": "3.1.3",
            "source": {
                "type": "git",
                "url": "https://github.com/wavevision/coding-standard.git",
                "reference": "8347f01fbde08252e86cf1eb59b2d6b516c9a076"
            },
            "dist": {
                "type": "zip",
                "url": "https://api.github.com/repos/wavevision/coding-standard/zipball/8347f01fbde08252e86cf1eb59b2d6b516c9a076",
                "reference": "8347f01fbde08252e86cf1eb59b2d6b516c9a076",
                "shasum": ""
            },
            "require": {
                "php": ">=7.4",
                "slevomat/coding-standard": "^6.0"
            },
            "require-dev": {
                "jakub-onderka/php-parallel-lint": "^1.0",
                "phing/phing": "^2.16",
                "php-coveralls/php-coveralls": "^2.1",
                "phpstan/phpstan": "^0.12.3",
                "phpunit/phpunit": "^8.3"
            },
            "suggest": {
                "jakub-onderka/php-parallel-lint": "This tool check syntax of PHP files faster than serial check with fancier output.",
                "phpstan/phpstan": "PHP Static Analysis Tool - discover bugs in your code without running it!",
                "phpunit/phpunit": "The PHP Unit Testing framework."
            },
            "type": "library",
            "autoload": {
                "psr-4": {
                    "WavevisionCodingStandard\\": "php/WavevisionCodingStandard/"
                }
            },
            "notification-url": "https://packagist.org/downloads/",
            "license": [
                "MIT"
            ],
            "authors": [
                {
                    "name": "Wavevision s.r.o.",
                    "email": "info@wavevision.com"
                },
                {
                    "name": "Jakub Filla",
                    "email": "jakub.filla@wavevision.com"
                },
                {
                    "name": "Vít Rozsíval",
                    "email": "vit@wavevision.com"
                }
            ],
            "description": "The Wavevision PHP coding standard.",
            "homepage": "https://github.com/wavevision/coding-standard",
            "time": "2020-02-21T20:36:38+00:00"
        }
    ],
    "aliases": [],
    "minimum-stability": "stable",
    "stability-flags": [],
    "prefer-stable": false,
    "prefer-lowest": false,
    "platform": {
        "php": ">=7.4"
    },
    "platform-dev": [],
    "plugin-api-version": "1.1.0"
}
